
Microsoft Visual Studio Solution File, Format Version 12.00
# Visual Studio Version 17
VisualStudioVersion = 17.7.34024.191
MinimumVisualStudioVersion = 10.0.40219.1
Project("{8BC9CEB8-8B4A-11D0-8D11-00A0C91BC942}") = "Indonesia", "Indonesia.vcxproj", "{02F83BCA-E62B-436F-8BC8-C2EA90819C72}"
EndProject
Global
	GlobalSection(SolutionConfigurationPlatforms) = preSolution
		Debug|x64 = Debug|x64
		Debug|x86 = Debug|x86
		Release|x64 = Release|x64
		Release|x86 = Release|x86
	EndGlobalSection
	GlobalSection(ProjectConfigurationPlatforms) = postSolution
		{02F83BCA-E62B-436F-8BC8-C2EA90819C72}.Debug|x64.ActiveCfg = Debug|x64
		{02F83BCA-E62B-436F-8BC8-C2EA90819C72}.Debug|x64.Build.0 = Debug|x64
		{02F83BCA-E62B-436F-8BC8-C2EA90819C72}.Debug|x86.ActiveCfg = Debug|Win32
		{02F83BCA-E62B-436F-8BC8-C2EA90819C72}.Debug|x86.Build.0 = Debug|Win32
		{02F83BCA-E62B-436F-8BC8-C2EA90819C72}.Release|x64.ActiveCfg = Release|x64
		{02F83BCA-E62B-436F-8BC8-C2EA90819C72}.Release|x64.Build.0 = Release|x64
		{02F83BCA-E62B-436F-8BC8-C2EA90819C72}.Release|x86.ActiveCfg = Release|Win32
		{02F83BCA-E62B-436F-8BC8-C2EA90819C72}.Release|x86.Build.0 = Release|Win32
	EndGlobalSection
	GlobalSection(SolutionProperties) = preSolution
		HideSolutionNode = FALSE
	EndGlobalSection
	GlobalSection(ExtensibilityGlobals) = postSolution
		SolutionGuid = {239F297A-7FFE-4C89-98FC-E903CF92C655}
	EndGlobalSection
EndGlobal
